{
  "name": "mood-tracker-pwa",
  "version": "1.0.0",
  "lockfileVersion": 2,
  "requires": true,
  "packages": {
    "": {
      "name": "mood-tracker-pwa",
      "version": "1.0.0",
      "dependencies": {
        "react": "18.2.0",
        "react-dom": "18.2.0",
        "react-router-dom": "6.15.0",
        "date-fns": "2.30.0",
        "tailwindcss": "3.3.3"
      },
      "devDependencies": {
        "react-scripts": "5.0.1"
      }
    }
  },
  "dependencies": {
    "react": {
      "version": "18.2.0",
      "resolved": "https://registry.npmjs.org/react/-/react-18.2.0.tgz",
      "integrity": "sha512-/3IjMdb2L9QbBdWiW5e3P2/npwMBaU9mHCSCUzNln0TQ13f8wqHWBTKPAyi6HOqd2/upUkzHOD10OmPqpaKsA=="
    },
    "react-dom": {
      "version": "18.2.0",
      "resolved": "https://registry.npmjs.org/react-dom/-/react-dom-18.2.0.tgz",
      "integrity": "sha512-6IMTriUmvsjHUjNtEDudZfuDQUoWXVxKHlEqE5k1alTI0dX07Aw0sWWRR6gXxyxmzF4L9T5TkMsT0MzEqfgx4A=="
    },
    "react-router-dom": {
      "version": "6.15.0",
      "resolved": "https://registry.npmjs.org/react-router-dom/-/react-router-dom-6.15.0.tgz",
      "integrity": "sha512-mGvjwxrwFx9Rd1lmATOCj0Kf2/GkwNUlTRBV9YupDVkOzMrn4SRF0T8dI4r4gNfXALJWsxkVmRsn0j3p9PMF6g=="
    },
    "date-fns": {
      "version": "2.30.0",
      "resolved": "https://registry.npmjs.org/date-fns/-/date-fns-2.30.0.tgz",
      "integrity": "sha512-fnULvOpxnC5/Vg3NCiWelDsLiUc9bRwAPs/+JgQVIH1/WYmysJWMJJFGEHMwAfBwNQgZl9AZmx0PFE+/rb5y5Q=="
    },
    "tailwindcss": {
      "version": "3.3.3",
      "resolved": "https://registry.npmjs.org/tailwindcss/-/tailwindcss-3.3.3.tgz",
      "integrity": "sha512-A0TgSgPgmesWXPn5mFJAkqbkuYv/3c5vkRVVVz/skzsSEUdAb7VbueRLaQGe9HJ4NYll2Q3SgTmx3d0LQ9+rQA=="
    }
  }
}